// !$*UTF8*$!
{
	archiveVersion = 1;
	classes = {
	};
	objectVersion = 50;
	objects = {

/* Begin PBXBuildFile section */
		5874B14922A4EF41009B4DF5 /* AppDelegate.swift in Sources */ = {isa = PBXBuildFile; fileRef = 5874B14822A4EF41009B4DF5 /* AppDelegate.swift */; };
		5874B14B22A4EF41009B4DF5 /* DYNCViewController.swift in Sources */ = {isa = PBXBuildFile; fileRef = 5874B14A22A4EF41009B4DF5 /* DYNCViewController.swift */; };
		5874B15022A4EF43009B4DF5 /* Assets.xcassets in Resources */ = {isa = PBXBuildFile; fileRef = 5874B14F22A4EF43009B4DF5 /* Assets.xcassets */; };
		5874B15B22A4EFA4009B4DF5 /* LaunchScreen.xib in Resources */ = {isa = PBXBuildFile; fileRef = 5874B15A22A4EFA4009B4DF5 /* LaunchScreen.xib */; };
		5874B15D22A4F2B8009B4DF5 /* DYNCTextCell.swift in Sources */ = {isa = PBXBuildFile; fileRef = 5874B15C22A4F2B8009B4DF5 /* DYNCTextCell.swift */; };
		5874B15F22A4F973009B4DF5 /* DYNCParagraph.swift in Sources */ = {isa = PBXBuildFile; fileRef = 5874B15E22A4F973009B4DF5 /* DYNCParagraph.swift */; };
		5874B16322A502A0009B4DF5 /* articles.json in Resources */ = {isa = PBXBuildFile; fileRef = 5874B16222A5029F009B4DF5 /* articles.json */; };
		58A010D822A627D400F466E2 /* DYNCLabel.swift in Sources */ = {isa = PBXBuildFile; fileRef = 58A010D722A627D400F466E2 /* DYNCLabel.swift */; };
/* End PBXBuildFile section */

/* Begin PBXFileReference section */
		5874B14522A4EF41009B4DF5 /* NJiOSCoreText.app */ = {isa = PBXFileReference; explicitFileType = wrapper.application; includeInIndex = 0; path = NJiOSCoreText.app; sourceTree = BUILT_PRODUCTS_DIR; };
		5874B14822A4EF41009B4DF5 /* AppDelegate.swift */ = {isa = PBXFileReference; lastKnownFileType = sourcecode.swift; path = AppDelegate.swift; sourceTree = "<group>"; };
		5874B14A22A4EF41009B4DF5 /* DYNCViewController.swift */ = {isa = PBXFileReference; lastKnownFileType = sourcecode.swift; path = DYNCViewController.swift; sourceTree = "<group>"; };
		5874B14F22A4EF43009B4DF5 /* Assets.xcassets */ = {isa = PBXFileReference; lastKnownFileType = folder.assetcatalog; path = Assets.xcassets; sourceTree = "<group>"; };
		5874B15422A4EF43009B4DF5 /* Info.plist */ = {isa = PBXFileReference; lastKnownFileType = text.plist.xml; path = Info.plist; sourceTree = "<group>"; };
		5874B15A22A4EFA4009B4DF5 /* LaunchScreen.xib */ = {isa = PBXFileReference; lastKnownFileType = file.xib; path = LaunchScreen.xib; sourceTree = "<group>"; };
		5874B15C22A4F2B8009B4DF5 /* DYNCTextCell.swift */ = {isa = PBXFileReference; lastKnownFileType = sourcecode.swift; path = DYNCTextCell.swift; sourceTree = "<group>"; };
		5874B15E22A4F973009B4DF5 /* DYNCParagraph.swift */ = {isa = PBXFileReference; lastKnownFileType = sourcecode.swift; path = DYNCParagraph.swift; sourceTree = "<group>"; };
		5874B16222A5029F009B4DF5 /* articles.json */ = {isa = PBXFileReference; fileEncoding = 4; lastKnownFileType = text.json; name = articles.json; path = ../../articles.json; sourceTree = "<group>"; };
		58A010D722A627D400F466E2 /* DYNCLabel.swift */ = {isa = PBXFileReference; lastKnownFileType = sourcecode.swift; path = DYNCLabel.swift; sourceTree = "<group>"; };
/* End PBXFileReference section */

/* Begin PBXFrameworksBuildPhase section */
		5874B14222A4EF41009B4DF5 /* Frameworks */ = {
			isa = PBXFrameworksBuildPhase;
			buildActionMask = 2147483647;
			files = (
			);
			runOnlyForDeploymentPostprocessing = 0;
		};
/* End PBXFrameworksBuildPhase section */

/* Begin PBXGroup section */
		5874B13C22A4EF41009B4DF5 = {
			isa = PBXGroup;
			children = (
				5874B14722A4EF41009B4DF5 /* NJiOSCoreText */,
				5874B14622A4EF41009B4DF5 /* Products */,
			);
			sourceTree = "<group>";
		};
		5874B14622A4EF41009B4DF5 /* Products */ = {
			isa = PBXGroup;
			children = (
				5874B14522A4EF41009B4DF5 /* NJiOSCoreText.app */,
			);
			name = Products;
			sourceTree = "<group>";
		};
		5874B14722A4EF41009B4DF5 /* NJiOSCoreText */ = {
			isa = PBXGroup;
			children = (
				5874B16222A5029F009B4DF5 /* articles.json */,
				5874B14822A4EF41009B4DF5 /* AppDelegate.swift */,
				5874B14A22A4EF41009B4DF5 /* DYNCViewController.swift */,
				5874B15E22A4F973009B4DF5 /* DYNCParagraph.swift */,
				5874B15C22A4F2B8009B4DF5 /* DYNCTextCell.swift */,
				58A010D722A627D400F466E2 /* DYNCLabel.swift */,
				5874B15A22A4EFA4009B4DF5 /* LaunchScreen.xib */,
				5874B14F22A4EF43009B4DF5 /* Assets.xcassets */,
				5874B15422A4EF43009B4DF5 /* Info.plist */,
			);
			path = NJiOSCoreText;
			sourceTree = "<group>";
		};
/* End PBXGroup section */

/* Begin PBXNativeTarget section */
		5874B14422A4EF41009B4DF5 /* NJiOSCoreText */ = {
			isa = PBXNativeTarget;
			buildConfigurationList = 5874B15722A4EF43009B4DF5 /* Build configuration list for PBXNativeTarget "NJiOSCoreText" */;
			buildPhases = (
				5874B14122A4EF41009B4DF5 /* Sources */,
				5874B14222A4EF41009B4DF5 /* Frameworks */,
				5874B14322A4EF41009B4DF5 /* Resources */,
			);
			buildRules = (
			);
			dependencies = (
			);
			name = NJiOSCoreText;
			productName = NJiOSCoreText;
			productReference = 5874B14522A4EF41009B4DF5 /* NJiOSCoreText.app */;
			productType = "com.apple.product-type.application";
		};
/* End PBXNativeTarget section */

/* Begin PBXProject section */
		5874B13D22A4EF41009B4DF5 /* Project object */ = {
			isa = PBXProject;
			attributes = {
				CLASSPREFIX = DYNC;
				LastSwiftUpdateCheck = 1000;
				LastUpgradeCheck = 1000;
				ORGANIZATIONNAME = hupeng;
				TargetAttributes = {
					5874B14422A4EF41009B4DF5 = {
						CreatedOnToolsVersion = 10.0;
					};
				};
			};
			buildConfigurationList = 5874B14022A4EF41009B4DF5 /* Build configuration list for PBXProject "NJiOSCoreText" */;
			compatibilityVersion = "Xcode 9.3";
			developmentRegion = en;
			hasScannedForEncodings = 0;
			knownRegions = (
				en,
				Base,
			);
			mainGroup = 5874B13C22A4EF41009B4DF5;
			productRefGroup = 5874B14622A4EF41009B4DF5 /* Products */;
			projectDirPath = "";
			projectRoot = "";
			targets = (
				5874B14422A4EF41009B4DF5 /* NJiOSCoreText */,
			);
		};
/* End PBXProject section */

/* Begin PBXResourcesBuildPhase section */
		5874B14322A4EF41009B4DF5 /* Resources */ = {
			isa = PBXResourcesBuildPhase;
			buildActionMask = 2147483647;
			files = (
				5874B15B22A4EFA4009B4DF5 /* LaunchScreen.xib in Resources */,
				5874B15022A4EF43009B4DF5 /* Assets.xcassets in Resources */,
				5874B16322A502A0009B4DF5 /* articles.json in Resources */,
			);
			runOnlyForDeploymentPostprocessing = 0;
		};
/* End PBXResourcesBuildPhase section */

/* Begin PBXSourcesBuildPhase section */
		5874B14122A4EF41009B4DF5 /* Sources */ = {
			isa = PBXSourcesBuildPhase;
			buildActionMask = 2147483647;
			files = (
				5874B14B22A4EF41009B4DF5 /* DYNCViewController.swift in Sources */,
				5874B14922A4EF41009B4DF5 /* AppDelegate.swift in Sources */,
				5874B15F22A4F973009B4DF5 /* DYNCParagraph.swift in Sources */,
				58A010D822A627D400F466E2 /* DYNCLabel.swift in Sources */,
				5874B15D22A4F2B8009B4DF5 /* DYNCTextCell.swift in Sources */,
			);
			runOnlyForDeploymentPostprocessing = 0;
		};
/* End PBXSourcesBuildPhase section */

/* Begin XCBuildConfiguration section */
		5874B15522A4EF43009B4DF5 /* Debug */ = {
			isa = XCBuildConfiguration;
			buildSettings = {
				ALWAYS_SEARCH_USER_PATHS = NO;
				CLANG_ANALYZER_NONNULL = YES;
				CLANG_ANALYZER_NUMBER_OBJECT_CONVERSION = YES_AGGRESSIVE;
				CLANG_CXX_LANGUAGE_STANDARD = "gnu++14";
				CLANG_CXX_LIBRARY = "libc++";
				CLANG_ENABLE_MODULES = YES;
				CLANG_ENABLE_OBJC_ARC = YES;
				CLANG_ENABLE_OBJC_WEAK = YES;
				CLANG_WARN_BLOCK_CAPTURE_AUTORELEASING = YES;
				CLANG_WARN_BOOL_CONVERSION = YES;
				CLANG_WARN_COMMA = YES;
				CLANG_WARN_CONSTANT_CONVERSION = YES;
				CLANG_WARN_DEPRECATED_OBJC_IMPLEMENTATIONS = YES;
				CLANG_WARN_DIRECT_OBJC_ISA_USAGE = YES_ERROR;
				CLANG_WARN_DOCUMENTATION_COMMENTS = YES;
				CLANG_WARN_EMPTY_BODY = YES;
				CLANG_WARN_ENUM_CONVERSION = YES;
				CLANG_WARN_INFINITE_RECURSION = YES;
				CLANG_WARN_INT_CONVERSION = YES;
				CLANG_WARN_NON_LITERAL_NULL_CONVERSION = YES;
				CLANG_WARN_OBJC_IMPLICIT_RETAIN_SELF = YES;
				CLANG_WARN_OBJC_LITERAL_CONVERSION = YES;
				CLANG_WARN_OBJC_ROOT_CLASS = YES_ERROR;
				CLANG_WARN_RANGE_LOOP_ANALYSIS = YES;
				CLANG_WARN_STRICT_PROTOTYPES = YES;
				CLANG_WARN_SUSPICIOUS_MOVE = YES;
				CLANG_WARN_UNGUARDED_AVAILABILITY = YES_AGGRESSIVE;
				CLANG_WARN_UNREACHABLE_CODE = YES;
				CLANG_WARN__DUPLICATE_METHOD_MATCH = YES;
				CODE_SIGN_IDENTITY = "iPhone Developer";
				COPY_PHASE_STRIP = NO;
				DEBUG_INFORMATION_FORMAT = dwarf;
				ENABLE_STRICT_OBJC_MSGSEND = YES;
				ENABLE_TESTABILITY = YES;
				GCC_C_LANGUAGE_STANDARD = gnu11;
				GCC_DYNAMIC_NO_PIC = NO;
				GCC_NO_COMMON_BLOCKS = YES;
				GCC_OPTIMIZATION_LEVEL = 0;
				GCC_PREPROCESSOR_DEFINITIONS = (
					"DEBUG=1",
					"$(inherited)",
				);
				GCC_WARN_64_TO_32_BIT_CONVERSION = YES;
				GCC_WARN_ABOUT_RETURN_TYPE = YES_ERROR;
				GCC_WARN_UNDECLARED_SELECTOR = YES;
				GCC_WARN_UNINITIALIZED_AUTOS = YES_AGGRESSIVE;
				GCC_WARN_UNUSED_FUNCTION = YES;
				GCC_WARN_UNUSED_VARIABLE = YES;
				IPHONEOS_DEPLOYMENT_TARGET = 12.0;
				MTL_ENABLE_DEBUG_INFO = INCLUDE_SOURCE;
				MTL_FAST_MATH = YES;
				ONLY_ACTIVE_ARCH = YES;
				SDKROOT = iphoneos;
				SWIFT_ACTIVE_COMPILATION_CONDITIONS = DEBUG;
				SWIFT_OPTIMIZATION_LEVEL = "-Onone";
			};
			name = Debug;
		};
		5874B15622A4EF43009B4DF5 /* Release */ = {
			isa = XCBuildConfiguration;
			buildSettings = {
				ALWAYS_SEARCH_USER_PATHS = NO;
				CLANG_ANALYZER_NONNULL = YES;
				CLANG_ANALYZER_NUMBER_OBJECT_CONVERSION = YES_AGGRESSIVE;
				CLANG_CXX_LANGUAGE_STANDARD = "gnu++14";
				CLANG_CXX_LIBRARY = "libc++";
				CLANG_ENABLE_MODULES = YES;
				CLANG_ENABLE_OBJC_ARC = YES;
				CLANG_ENABLE_OBJC_WEAK = YES;
				CLANG_WARN_BLOCK_CAPTURE_AUTORELEASING = YES;
				CLANG_WARN_BOOL_CONVERSION = YES;
				CLANG_WARN_COMMA = YES;
				CLANG_WARN_CONSTANT_CONVERSION = YES;
				CLANG_WARN_DEPRECATED_OBJC_IMPLEMENTATIONS = YES;
				CLANG_WARN_DIRECT_OBJC_ISA_USAGE = YES_ERROR;
				CLANG_WARN_DOCUMENTATION_COMMENTS = YES;
				CLANG_WARN_EMPTY_BODY = YES;
				CLANG_WARN_ENUM_CONVERSION = YES;
				CLANG_WARN_INFINITE_RECURSION = YES;
				CLANG_WARN_INT_CONVERSION = YES;
				CLANG_WARN_NON_LITERAL_NULL_CONVERSION = YES;
				CLANG_WARN_OBJC_IMPLICIT_RETAIN_SELF = YES;
				CLANG_WARN_OBJC_LITERAL_CONVERSION = YES;
				CLANG_WARN_OBJC_ROOT_CLASS = YES_ERROR;
				CLANG_WARN_RANGE_LOOP_ANALYSIS = YES;
				CLANG_WARN_STRICT_PROTOTYPES = YES;
				CLANG_WARN_SUSPICIOUS_MOVE = YES;
				CLANG_WARN_UNGUARDED_AVAILABILITY = YES_AGGRESSIVE;
				CLANG_WARN_UNREACHABLE_CODE = YES;
				CLANG_WARN__DUPLICATE_METHOD_MATCH = YES;
				CODE_SIGN_IDENTITY = "iPhone Developer";
				COPY_PHASE_STRIP = NO;
				DEBUG_INFORMATION_FORMAT = "dwarf-with-dsym";
				ENABLE_NS_ASSERTIONS = NO;
				ENABLE_STRICT_OBJC_MSGSEND = YES;
				GCC_C_LANGUAGE_STANDARD = gnu11;
				GCC_NO_COMMON_BLOCKS = YES;
				GCC_WARN_64_TO_32_BIT_CONVERSION = YES;
				GCC_WARN_ABOUT_RETURN_TYPE = YES_ERROR;
				GCC_WARN_UNDECLARED_SELECTOR = YES;
				GCC_WARN_UNINITIALIZED_AUTOS = YES_AGGRESSIVE;
				GCC_WARN_UNUSED_FUNCTION = YES;
				GCC_WARN_UNUSED_VARIABLE = YES;
				IPHONEOS_DEPLOYMENT_TARGET = 12.0;
				MTL_ENABLE_DEBUG_INFO = NO;
				MTL_FAST_MATH = YES;
				SDKROOT = iphoneos;
				SWIFT_COMPILATION_MODE = wholemodule;
				SWIFT_OPTIMIZATION_LEVEL = "-O";
				VALIDATE_PRODUCT = YES;
			};
			name = Release;
		};
		5874B15822A4EF43009B4DF5 /* Debug */ = {
			isa = XCBuildConfiguration;
			buildSettings = {
				ASSETCATALOG_COMPILER_APPICON_NAME = AppIcon;
				CODE_SIGN_STYLE = Automatic;
				DEVELOPMENT_TEAM = 44HDC9YG72;
				INFOPLIST_FILE = NJiOSCoreText/Info.plist;
				IPHONEOS_DEPLOYMENT_TARGET = 10.2;
				LD_RUNPATH_SEARCH_PATHS = (
					"$(inherited)",
					"@executable_path/Frameworks",
				);
				PRODUCT_BUNDLE_IDENTIFIER = coreText.njhu.github.NJiOSCoreText;
				PRODUCT_NAME = "$(TARGET_NAME)";
				SWIFT_VERSION = 4.2;
				TARGETED_DEVICE_FAMILY = "1,2";
			};
			name = Debug;
		};
		5874B15922A4EF43009B4DF5 /* Release */ = {
			isa = XCBuildConfiguration;
			buildSettings = {
				ASSETCATALOG_COMPILER_APPICON_NAME = AppIcon;
				CODE_SIGN_STYLE = Automatic;
				DEVELOPMENT_TEAM = 44HDC9YG72;
				INFOPLIST_FILE = NJiOSCoreText/Info.plist;
				IPHONEOS_DEPLOYMENT_TARGET = 10.2;
				LD_RUNPATH_SEARCH_PATHS = (
					"$(inherited)",
					"@executable_path/Frameworks",
				);
				PRODUCT_BUNDLE_IDENTIFIER = coreText.njhu.github.NJiOSCoreText;
				PRODUCT_NAME = "$(TARGET_NAME)";
				SWIFT_VERSION = 4.2;
				TARGETED_DEVICE_FAMILY = "1,2";
			};
			name = Release;
		};
/* End XCBuildConfiguration section */

/* Begin XCConfigurationList section */
		5874B14022A4EF41009B4DF5 /* Build configuration list for PBXProject "NJiOSCoreText" */ = {
			isa = XCConfigurationList;
			buildConfigurations = (
				5874B15522A4EF43009B4DF5 /* Debug */,
				5874B15622A4EF43009B4DF5 /* Release */,
			);
			defaultConfigurationIsVisible = 0;
			defaultConfigurationName = Release;
		};
		5874B15722A4EF43009B4DF5 /* Build configuration list for PBXNativeTarget "NJiOSCoreText" */ = {
			isa = XCConfigurationList;
			buildConfigurations = (
				5874B15822A4EF43009B4DF5 /* Debug */,
				5874B15922A4EF43009B4DF5 /* Release */,
			);
			defaultConfigurationIsVisible = 0;
			defaultConfigurationName = Release;
		};
/* End XCConfigurationList section */
	};
	rootObject = 5874B13D22A4EF41009B4DF5 /* Project object */;
}
